// !$*UTF8*$!
{
	archiveVersion = 1;
	classes = {
	};
	objectVersion = 46;
	objects = {

/* Begin PBXBuildFile section */
		C12731F01E763B7400445481 /* main.m in Sources */ = {isa = PBXBuildFile; fileRef = C12731EF1E763B7400445481 /* main.m */; };
		C12731F31E763B7400445481 /* AppDelegate.m in Sources */ = {isa = PBXBuildFile; fileRef = C12731F21E763B7400445481 /* AppDelegate.m */; };
		C12731F61E763B7400445481 /* ViewController.m in Sources */ = {isa = PBXBuildFile; fileRef = C12731F51E763B7400445481 /* ViewController.m */; };
		C12731F91E763B7400445481 /* Main.storyboard in Resources */ = {isa = PBXBuildFile; fileRef = C12731F71E763B7400445481 /* Main.storyboard */; };
		C12731FB1E763B7400445481 /* Assets.xcassets in Resources */ = {isa = PBXBuildFile; fileRef = C12731FA1E763B7400445481 /* Assets.xcassets */; };
		C12731FE1E763B7400445481 /* LaunchScreen.storyboard in Resources */ = {isa = PBXBuildFile; fileRef = C12731FC1E763B7400445481 /* LaunchScreen.storyboard */; };
/* End PBXBuildFile section */

/* Begin PBXFileReference section */
		C12731EB1E763B7400445481 /* CRC16.app */ = {isa = PBXFileReference; explicitFileType = wrapper.application; includeInIndex = 0; path = CRC16.app; sourceTree = BUILT_PRODUCTS_DIR; };
		C12731EF1E763B7400445481 /* main.m */ = {isa = PBXFileReference; lastKnownFileType = sourcecode.c.objc; path = main.m; sourceTree = "<group>"; };
		C12731F11E763B7400445481 /* AppDelegate.h */ = {isa = PBXFileReference; lastKnownFileType = sourcecode.c.h; path = AppDelegate.h; sourceTree = "<group>"; };
		C12731F21E763B7400445481 /* AppDelegate.m */ = {isa = PBXFileReference; lastKnownFileType = sourcecode.c.objc; path = AppDelegate.m; sourceTree = "<group>"; };
		C12731F41E763B7400445481 /* ViewController.h */ = {isa = PBXFileReference; lastKnownFileType = sourcecode.c.h; path = ViewController.h; sourceTree = "<group>"; };
		C12731F51E763B7400445481 /* ViewController.m */ = {isa = PBXFileReference; lastKnownFileType = sourcecode.c.objc; path = ViewController.m; sourceTree = "<group>"; };
		C12731F81E763B7400445481 /* Base */ = {isa = PBXFileReference; lastKnownFileType = file.storyboard; name = Base; path = Base.lproj/Main.storyboard; sourceTree = "<group>"; };
		C12731FA1E763B7400445481 /* Assets.xcassets */ = {isa = PBXFileReference; lastKnownFileType = folder.assetcatalog; path = Assets.xcassets; sourceTree = "<group>"; };
		C12731FD1E763B7400445481 /* Base */ = {isa = PBXFileReference; lastKnownFileType = file.storyboard; name = Base; path = Base.lproj/LaunchScreen.storyboard; sourceTree = "<group>"; };
		C12731FF1E763B7400445481 /* Info.plist */ = {isa = PBXFileReference; lastKnownFileType = text.plist.xml; path = Info.plist; sourceTree = "<group>"; };
/* End PBXFileReference section */

/* Begin PBXFrameworksBuildPhase section */
		C12731E81E763B7400445481 /* Frameworks */ = {
			isa = PBXFrameworksBuildPhase;
			buildActionMask = 2147483647;
			files = (
			);
			runOnlyForDeploymentPostprocessing = 0;
		};
/* End PBXFrameworksBuildPhase section */

/* Begin PBXGroup section */
		C12731E21E763B7400445481 = {
			isa = PBXGroup;
			children = (
				C12731ED1E763B7400445481 /* CRC16 */,
				C12731EC1E763B7400445481 /* Products */,
			);
			sourceTree = "<group>";
		};
		C12731EC1E763B7400445481 /* Products */ = {
			isa = PBXGroup;
			children = (
				C12731EB1E763B7400445481 /* CRC16.app */,
			);
			name = Products;
			sourceTree = "<group>";
		};
		C12731ED1E763B7400445481 /* CRC16 */ = {
			isa = PBXGroup;
			children = (
				C12731F11E763B7400445481 /* AppDelegate.h */,
				C12731F21E763B7400445481 /* AppDelegate.m */,
				C12731F41E763B7400445481 /* ViewController.h */,
				C12731F51E763B7400445481 /* ViewController.m */,
				C12731F71E763B7400445481 /* Main.storyboard */,
				C12731FA1E763B7400445481 /* Assets.xcassets */,
				C12731FC1E763B7400445481 /* LaunchScreen.storyboard */,
				C12731FF1E763B7400445481 /* Info.plist */,
				C12731EE1E763B7400445481 /* Supporting Files */,
			);
			path = CRC16;
			sourceTree = "<group>";
		};
		C12731EE1E763B7400445481 /* Supporting Files */ = {
			isa = PBXGroup;
			children = (
				C12731EF1E763B7400445481 /* main.m */,
			);
			name = "Supporting Files";
			sourceTree = "<group>";
		};
/* End PBXGroup section */

/* Begin PBXNativeTarget section */
		C12731EA1E763B7400445481 /* CRC16 */ = {
			isa = PBXNativeTarget;
			buildConfigurationList = C12732021E763B7400445481 /* Build configuration list for PBXNativeTarget "CRC16" */;
			buildPhases = (
				C12731E71E763B7400445481 /* Sources */,
				C12731E81E763B7400445481 /* Frameworks */,
				C12731E91E763B7400445481 /* Resources */,
			);
			buildRules = (
			);
			dependencies = (
			);
			name = CRC16;
			productName = CRC16;
			productReference = C12731EB1E763B7400445481 /* CRC16.app */;
			productType = "com.apple.product-type.application";
		};
/* End PBXNativeTarget section */

/* Begin PBXProject section */
		C12731E31E763B7400445481 /* Project object */ = {
			isa = PBXProject;
			attributes = {
				LastUpgradeCheck = 0820;
				ORGANIZATIONNAME = "大碗豆";
				TargetAttributes = {
					C12731EA1E763B7400445481 = {
						CreatedOnToolsVersion = 8.2.1;
						ProvisioningStyle = Automatic;
					};
				};
			};
			buildConfigurationList = C12731E61E763B7400445481 /* Build configuration list for PBXProject "CRC16" */;
			compatibilityVersion = "Xcode 3.2";
			developmentRegion = English;
			hasScannedForEncodings = 0;
			knownRegions = (
				en,
				Base,
			);
			mainGroup = C12731E21E763B7400445481;
			productRefGroup = C12731EC1E763B7400445481 /* Products */;
			projectDirPath = "";
			projectRoot = "";
			targets = (
				C12731EA1E763B7400445481 /* CRC16 */,
			);
		};
/* End PBXProject section */

/* Begin PBXResourcesBuildPhase section */
		C12731E91E763B7400445481 /* Resources */ = {
			isa = PBXResourcesBuildPhase;
			buildActionMask = 2147483647;
			files = (
				C12731FE1E763B7400445481 /* LaunchScreen.storyboard in Resources */,
				C12731FB1E763B7400445481 /* Assets.xcassets in Resources */,
				C12731F91E763B7400445481 /* Main.storyboard in Resources */,
			);
			runOnlyForDeploymentPostprocessing = 0;
		};
/* End PBXResourcesBuildPhase section */

/* Begin PBXSourcesBuildPhase section */
		C12731E71E763B7400445481 /* Sources */ = {
			isa = PBXSourcesBuildPhase;
			buildActionMask = 2147483647;
			files = (
				C12731F61E763B7400445481 /* ViewController.m in Sources */,
				C12731F31E763B7400445481 /* AppDelegate.m in Sources */,
				C12731F01E763B7400445481 /* main.m in Sources */,
			);
			runOnlyForDeploymentPostprocessing = 0;
		};
/* End PBXSourcesBuildPhase section */

/* Begin PBXVariantGroup section */
		C12731F71E763B7400445481 /* Main.storyboard */ = {
			isa = PBXVariantGroup;
			children = (
				C12731F81E763B7400445481 /* Base */,
			);
			name = Main.storyboard;
			sourceTree = "<group>";
		};
		C12731FC1E763B7400445481 /* LaunchScreen.storyboard */ = {
			isa = PBXVariantGroup;
			children = (
				C12731FD1E763B7400445481 /* Base */,
			);
			name = LaunchScreen.storyboard;
			sourceTree = "<group>";
		};
/* End PBXVariantGroup section */

/* Begin XCBuildConfiguration section */
		C12732001E763B7400445481 /* Debug */ = {
			isa = XCBuildConfiguration;
			buildSettings = {
				ALWAYS_SEARCH_USER_PATHS = NO;
				CLANG_ANALYZER_NONNULL = YES;
				CLANG_CXX_LANGUAGE_STANDARD = "gnu++0x";
				CLANG_CXX_LIBRARY = "libc++";
				CLANG_ENABLE_MODULES = YES;
				CLANG_ENABLE_OBJC_ARC = YES;
				CLANG_WARN_BOOL_CONVERSION = YES;
				CLANG_WARN_CONSTANT_CONVERSION = YES;
				CLANG_WARN_DIRECT_OBJC_ISA_USAGE = YES_ERROR;
				CLANG_WARN_DOCUMENTATION_COMMENTS = YES;
				CLANG_WARN_EMPTY_BODY = YES;
				CLANG_WARN_ENUM_CONVERSION = YES;
				CLANG_WARN_INFINITE_RECURSION = YES;
				CLANG_WARN_INT_CONVERSION = YES;
				CLANG_WARN_OBJC_ROOT_CLASS = YES_ERROR;
				CLANG_WARN_SUSPICIOUS_MOVE = YES;
				CLANG_WARN_UNREACHABLE_CODE = YES;
				CLANG_WARN__DUPLICATE_METHOD_MATCH = YES;
				"CODE_SIGN_IDENTITY[sdk=iphoneos*]" = "iPhone Developer";
				COPY_PHASE_STRIP = NO;
				DEBUG_INFORMATION_FORMAT = dwarf;
				ENABLE_STRICT_OBJC_MSGSEND = YES;
				ENABLE_TESTABILITY = YES;
				GCC_C_LANGUAGE_STANDARD = gnu99;
				GCC_DYNAMIC_NO_PIC = NO;
				GCC_NO_COMMON_BLOCKS = YES;
				GCC_OPTIMIZATION_LEVEL = 0;
				GCC_PREPROCESSOR_DEFINITIONS = (
					"DEBUG=1",
					"$(inherited)",
				);
				GCC_WARN_64_TO_32_BIT_CONVERSION = YES;
				GCC_WARN_ABOUT_RETURN_TYPE = YES_ERROR;
				GCC_WARN_UNDECLARED_SELECTOR = YES;
				GCC_WARN_UNINITIALIZED_AUTOS = YES_AGGRESSIVE;
				GCC_WARN_UNUSED_FUNCTION = YES;
				GCC_WARN_UNUSED_VARIABLE = YES;
				IPHONEOS_DEPLOYMENT_TARGET = 10.2;
				MTL_ENABLE_DEBUG_INFO = YES;
				ONLY_ACTIVE_ARCH = YES;
				SDKROOT = iphoneos;
				TARGETED_DEVICE_FAMILY = "1,2";
			};
			name = Debug;
		};
		C12732011E763B7400445481 /* Release */ = {
			isa = XCBuildConfiguration;
			buildSettings = {
				ALWAYS_SEARCH_USER_PATHS = NO;
				CLANG_ANALYZER_NONNULL = YES;
				CLANG_CXX_LANGUAGE_STANDARD = "gnu++0x";
				CLANG_CXX_LIBRARY = "libc++";
				CLANG_ENABLE_MODULES = YES;
				CLANG_ENABLE_OBJC_ARC = YES;
				CLANG_WARN_BOOL_CONVERSION = YES;
				CLANG_WARN_CONSTANT_CONVERSION = YES;
				CLANG_WARN_DIRECT_OBJC_ISA_USAGE = YES_ERROR;
				CLANG_WARN_DOCUMENTATION_COMMENTS = YES;
				CLANG_WARN_EMPTY_BODY = YES;
				CLANG_WARN_ENUM_CONVERSION = YES;
				CLANG_WARN_INFINITE_RECURSION = YES;
				CLANG_WARN_INT_CONVERSION = YES;
				CLANG_WARN_OBJC_ROOT_CLASS = YES_ERROR;
				CLANG_WARN_SUSPICIOUS_MOVE = YES;
				CLANG_WARN_UNREACHABLE_CODE = YES;
				CLANG_WARN__DUPLICATE_METHOD_MATCH = YES;
				"CODE_SIGN_IDENTITY[sdk=iphoneos*]" = "iPhone Developer";
				COPY_PHASE_STRIP = NO;
				DEBUG_INFORMATION_FORMAT = "dwarf-with-dsym";
				ENABLE_NS_ASSERTIONS = NO;
				ENABLE_STRICT_OBJC_MSGSEND = YES;
				GCC_C_LANGUAGE_STANDARD = gnu99;
				GCC_NO_COMMON_BLOCKS = YES;
				GCC_WARN_64_TO_32_BIT_CONVERSION = YES;
				GCC_WARN_ABOUT_RETURN_TYPE = YES_ERROR;
				GCC_WARN_UNDECLARED_SELECTOR = YES;
				GCC_WARN_UNINITIALIZED_AUTOS = YES_AGGRESSIVE;
				GCC_WARN_UNUSED_FUNCTION = YES;
				GCC_WARN_UNUSED_VARIABLE = YES;
				IPHONEOS_DEPLOYMENT_TARGET = 10.2;
				MTL_ENABLE_DEBUG_INFO = NO;
				SDKROOT = iphoneos;
				TARGETED_DEVICE_FAMILY = "1,2";
				VALIDATE_PRODUCT = YES;
			};
			name = Release;
		};
		C12732031E763B7400445481 /* Debug */ = {
			isa = XCBuildConfiguration;
			buildSettings = {
				ASSETCATALOG_COMPILER_APPICON_NAME = AppIcon;
				INFOPLIST_FILE = CRC16/Info.plist;
				LD_RUNPATH_SEARCH_PATHS = "$(inherited) @executable_path/Frameworks";
				PRODUCT_BUNDLE_IDENTIFIER = com.any.CRC16;
				PRODUCT_NAME = "$(TARGET_NAME)";
			};
			name = Debug;
		};
		C12732041E763B7400445481 /* Release */ = {
			isa = XCBuildConfiguration;
			buildSettings = {
				ASSETCATALOG_COMPILER_APPICON_NAME = AppIcon;
				INFOPLIST_FILE = CRC16/Info.plist;
				LD_RUNPATH_SEARCH_PATHS = "$(inherited) @executable_path/Frameworks";
				PRODUCT_BUNDLE_IDENTIFIER = com.any.CRC16;
				PRODUCT_NAME = "$(TARGET_NAME)";
			};
			name = Release;
		};
/* End XCBuildConfiguration section */

/* Begin XCConfigurationList section */
		C12731E61E763B7400445481 /* Build configuration list for PBXProject "CRC16" */ = {
			isa = XCConfigurationList;
			buildConfigurations = (
				C12732001E763B7400445481 /* Debug */,
				C12732011E763B7400445481 /* Release */,
			);
			defaultConfigurationIsVisible = 0;
			defaultConfigurationName = Release;
		};
		C12732021E763B7400445481 /* Build configuration list for PBXNativeTarget "CRC16" */ = {
			isa = XCConfigurationList;
			buildConfigurations = (
				C12732031E763B7400445481 /* Debug */,
				C12732041E763B7400445481 /* Release */,
			);
			defaultConfigurationIsVisible = 0;
		};
/* End XCConfigurationList section */
	};
	rootObject = C12731E31E763B7400445481 /* Project object */;
}
